{
    "_readme": [
        "This file locks the dependencies of your project to a known state",
        "Read more about it at https://getcomposer.org/doc/01-basic-usage.md#composer-lock-the-lock-file",
        "This file is @generated automatically"
    ],
    "content-hash": "8b257c2f91431997cf0c6eda9202e0fd",
    "packages": [
        {
            "name": "eventviva/php-image-resize",
            "version": "1.6.5",
            "source": {
                "type": "git",
                "url": "https://github.com/eventviva/php-image-resize.git",
                "reference": "d4c41f4a8199f1b17b86463a3eb9421e237441a6"
            },
            "dist": {
                "type": "zip",
                "url": "https://api.github.com/repos/eventviva/php-image-resize/zipball/d4c41f4a8199f1b17b86463a3eb9421e237441a6",
                "reference": "d4c41f4a8199f1b17b86463a3eb9421e237441a6",
                "shasum": ""
            },
            "require": {
                "ext-gd": "*",
                "php": ">=5.3.0"
            },
            "suggest": {
                "ext-exif": "Auto-rotate jpeg files"
            },
            "type": "library",
            "autoload": {
                "classmap": [
                    "lib"
                ]
            },
            "notification-url": "https://packagist.org/downloads/",
            "license": [
                "MIT"
            ],
            "authors": [
                {
                    "name": "Aditya Patadia",
                    "homepage": "http://aditya.patadia.org/"
                }
            ],
            "description": "PHP class to re-size and scale images",
            "homepage": "https://github.com/eventviva/php-image-resize",
            "keywords": [
                "image",
                "php",
                "resize",
                "scale"
            ],
            "time": "2017-05-12T16:21:02+00:00"
        },
        {
            "name": "facebook/graph-sdk",
            "version": "5.5.0",
            "source": {
                "type": "git",
                "url": "https://github.com/facebook/php-graph-sdk.git",
                "reference": "93d7dc87e55a541d2e27d38f3aed40abbffdf6e1"
            },
            "dist": {
                "type": "zip",
                "url": "https://api.github.com/repos/facebook/php-graph-sdk/zipball/93d7dc87e55a541d2e27d38f3aed40abbffdf6e1",
                "reference": "93d7dc87e55a541d2e27d38f3aed40abbffdf6e1",
                "shasum": ""
            },
            "require": {
                "php": "^5.4|^7.0"
            },
            "require-dev": {
                "guzzlehttp/guzzle": "~5.0",
                "mockery/mockery": "~0.8",
                "phpunit/phpunit": "~4.0"
            },
            "suggest": {
                "guzzlehttp/guzzle": "Allows for implementation of the Guzzle HTTP client",
                "paragonie/random_compat": "Provides a better CSPRNG option in PHP 5"
            },
            "type": "library",
            "extra": {
                "branch-alias": {
                    "dev-master": "5.x-dev"
                }
            },
            "autoload": {
                "psr-4": {
                    "Facebook\\": "src/Facebook/"
                },
                "files": [
                    "src/Facebook/polyfills.php"
                ]
            },
            "notification-url": "https://packagist.org/downloads/",
            "license": [
                "Facebook Platform"
            ],
            "authors": [
                {
                    "name": "Facebook",
                    "homepage": "https://github.com/facebook/php-graph-sdk/contributors"
                }
            ],
            "description": "Facebook SDK for PHP",
            "homepage": "https://github.com/facebook/php-graph-sdk",
            "keywords": [
                "facebook",
                "sdk"
            ],
            "time": "2017-04-20T14:15:02+00:00"
        },
        {
            "name": "kraken-io/kraken-php",
            "version": "1.6",
            "source": {
                "type": "git",
                "url": "https://github.com/kraken-io/kraken-php.git",
                "reference": "56563df1b9a7829f7039cc6e712cf89fab655e26"
            },
            "dist": {
                "type": "zip",
                "url": "https://api.github.com/repos/kraken-io/kraken-php/zipball/56563df1b9a7829f7039cc6e712cf89fab655e26",
                "reference": "56563df1b9a7829f7039cc6e712cf89fab655e26",
                "shasum": ""
            },
            "require": {
                "ext-curl": "*",
                "ext-json": "*"
            },
            "type": "library",
            "autoload": {
                "psr-0": {
                    "Kraken": "lib"
                }
            },
            "notification-url": "https://packagist.org/downloads/",
            "license": [
                "MIT"
            ],
            "authors": [
                {
                    "name": "Kraken Image Optimizer",
                    "email": "support@kraken.io"
                }
            ],
            "description": "Official Kraken.io SDK",
            "time": "2016-07-26T08:03:24+00:00"
        }
    ],
    "packages-dev": [],
    "aliases": [],
    "minimum-stability": "stable",
    "stability-flags": [],
    "prefer-stable": false,
    "prefer-lowest": false,
    "platform": [],
    "platform-dev": []
}
